{
    "_readme": [
        "This file locks the dependencies of your project to a known state",
        "Read more about it at http://getcomposer.org/doc/01-basic-usage.md#composer-lock-the-lock-file",
        "This file is @generated automatically"
    ],
    "hash": "e9aab26fc029eed959c3414bf044d50c",
    "packages": [
        {
            "name": "corneltek/cascading-attribute",
            "version": "1.2.1",
            "source": {
                "type": "git",
                "url": "https://github.com/c9s/CascadingAttribute.git",
                "reference": "6ffd238021be3eba1285b28001390a5135833e70"
            },
            "dist": {
                "type": "zip",
                "url": "https://api.github.com/repos/c9s/CascadingAttribute/zipball/6ffd238021be3eba1285b28001390a5135833e70",
                "reference": "6ffd238021be3eba1285b28001390a5135833e70",
                "shasum": ""
            },
            "require-dev": {
                "corneltek/phpunit-testmore": "dev-master"
            },
            "type": "library",
            "autoload": {
                "files": [
                    "src/CascadingAttribute.php"
                ]
            },
            "notification-url": "https://packagist.org/downloads/",
            "authors": [
                {
                    "name": "Yo-An Lin",
                    "email": "cornelius.howl@gmail.com",
                    "homepage": "http://c9s.me"
                }
            ],
            "time": "2013-03-23 07:26:05"
        },
        {
            "name": "corneltek/class-template",
            "version": "1.4.2",
            "source": {
                "type": "git",
                "url": "https://github.com/c9s/ClassTemplate.git",
                "reference": "3b409455373cb4e0283b42fa8e6cd3fac328c6a7"
            },
            "dist": {
                "type": "zip",
                "url": "https://api.github.com/repos/c9s/ClassTemplate/zipball/3b409455373cb4e0283b42fa8e6cd3fac328c6a7",
                "reference": "3b409455373cb4e0283b42fa8e6cd3fac328c6a7",
                "shasum": ""
            },
            "require": {
                "php": ">=5.3.0",
                "twig/twig": "~1"
            },
            "require-dev": {
                "corneltek/phpunit-testmore": "dev-master"
            },
            "type": "library",
            "autoload": {
                "psr-4": {
                    "ClassTemplate\\": "src/ClassTemplate/"
                }
            },
            "notification-url": "https://packagist.org/downloads/",
            "license": [
                "MIT"
            ],
            "authors": [
                {
                    "name": "Yo-An Lin",
                    "email": "yoanlin93@gmail.com",
                    "homepage": "http://c9s.me"
                }
            ],
            "description": "Class template Utilities",
            "homepage": "http://github.com/c9s/ClassTemplate",
            "time": "2014-10-03 17:01:46"
        },
        {
            "name": "corneltek/cliframework",
            "version": "2.2.0",
            "source": {
                "type": "git",
                "url": "https://github.com/c9s/CLIFramework.git",
                "reference": "3a35d2becd2e2ee62a256689843a13d94bb9c849"
            },
            "dist": {
                "type": "zip",
                "url": "https://api.github.com/repos/c9s/CLIFramework/zipball/3a35d2becd2e2ee62a256689843a13d94bb9c849",
                "reference": "3a35d2becd2e2ee62a256689843a13d94bb9c849",
                "shasum": ""
            },
            "require": {
                "corneltek/class-template": "~1.4",
                "corneltek/getoptionkit": "~2",
                "php": ">=5.3.0"
            },
            "require-dev": {
                "corneltek/phpunit-testmore": "dev-master",
                "satooshi/php-coveralls": "dev-master"
            },
            "type": "library",
            "autoload": {
                "psr-0": {
                    "CLIFramework": "src"
                }
            },
            "notification-url": "https://packagist.org/downloads/",
            "license": [
                "MIT"
            ],
            "authors": [
                {
                    "name": "Yo-An Lin",
                    "email": "cornelius.howl@gmail.com",
                    "homepage": "http://c9s.me"
                }
            ],
            "description": "Command-line framework for PHP",
            "homepage": "http://github.com/c9s/CLIFramework",
            "time": "2014-12-31 03:28:27"
        },
        {
            "name": "corneltek/configkit",
            "version": "1.5.4",
            "source": {
                "type": "git",
                "url": "git@github.com:c9s/php-ConfigKit.git",
                "reference": "c17cab1e0f8861b7b8688c0c43ae2a4e2e63ac32"
            },
            "dist": {
                "type": "zip",
                "url": "https://api.github.com/repos/c9s/php-ConfigKit/zipball/c17cab1e0f8861b7b8688c0c43ae2a4e2e63ac32",
                "reference": "c17cab1e0f8861b7b8688c0c43ae2a4e2e63ac32",
                "shasum": ""
            },
            "require": {
                "corneltek/fileutil": "1.*",
                "php": ">=5.3.0",
                "symfony/yaml": "~2.3"
            },
            "require-dev": {
                "corneltek/phpunit-testmore": "dev-master"
            },
            "type": "library",
            "autoload": {
                "psr-0": {
                    "ConfigKit": "src"
                }
            },
            "notification-url": "https://packagist.org/downloads/",
            "time": "2014-09-13 06:28:30"
        },
        {
            "name": "corneltek/dbutil",
            "version": "1.0.3",
            "source": {
                "type": "git",
                "url": "https://github.com/c9s/php-DBUtil.git",
                "reference": "dabc9cebe610eda6d36bc86e82d6f64dc9f559ba"
            },
            "dist": {
                "type": "zip",
                "url": "https://api.github.com/repos/c9s/php-DBUtil/zipball/dabc9cebe610eda6d36bc86e82d6f64dc9f559ba",
                "reference": "dabc9cebe610eda6d36bc86e82d6f64dc9f559ba",
                "shasum": ""
            },
            "require": {
                "php": ">=5.3.0"
            },
            "require-dev": {
                "corneltek/phpunit-testmore": "dev-master"
            },
            "type": "library",
            "autoload": {
                "psr-0": {
                    "Corneltek\\DBUtil": "src"
                }
            },
            "notification-url": "https://packagist.org/downloads/",
            "time": "2013-03-23 16:14:49"
        },
        {
            "name": "corneltek/fileutil",
            "version": "1.7.1",
            "source": {
                "type": "git",
                "url": "https://github.com/c9s/php-fileutil.git",
                "reference": "2a23c578674d5dd2f73352f5b8574ff67ebf1a50"
            },
            "dist": {
                "type": "zip",
                "url": "https://api.github.com/repos/c9s/php-fileutil/zipball/2a23c578674d5dd2f73352f5b8574ff67ebf1a50",
                "reference": "2a23c578674d5dd2f73352f5b8574ff67ebf1a50",
                "shasum": ""
            },
            "require-dev": {
                "corneltek/phpunit-testmore": "dev-master"
            },
            "type": "library",
            "autoload": {
                "files": [
                    "src/FileUtil.php"
                ]
            },
            "notification-url": "https://packagist.org/downloads/",
            "authors": [
                {
                    "name": "Yo-An Lin",
                    "email": "cornelius.howl@gmail.com",
                    "homepage": "http://c9s.me"
                }
            ],
            "description": "Fast File Utility Extension",
            "time": "2013-09-18 15:00:14"
        },
        {
            "name": "corneltek/getoptionkit",
            "version": "2.0.11",
            "source": {
                "type": "git",
                "url": "https://github.com/c9s/GetOptionKit.git",
                "reference": "13a146e0f7b9161977332279dff894fa28c53168"
            },
            "dist": {
                "type": "zip",
                "url": "https://api.github.com/repos/c9s/GetOptionKit/zipball/13a146e0f7b9161977332279dff894fa28c53168",
                "reference": "13a146e0f7b9161977332279dff894fa28c53168",
                "shasum": ""
            },
            "require": {
                "php": ">=5.3.0"
            },
            "require-dev": {
                "corneltek/phpunit-testmore": "dev-master",
                "satooshi/php-coveralls": "dev-master"
            },
            "type": "library",
            "autoload": {
                "psr-0": {
                    "GetOptionKit": "src"
                }
            },
            "notification-url": "https://packagist.org/downloads/",
            "license": [
                "MIT"
            ],
            "authors": [
                {
                    "name": "Yo-An Lin",
                    "email": "cornelius.howl@gmail.com",
                    "homepage": "http://c9s.me"
                }
            ],
            "description": "Powerful command-line option toolkit",
            "homepage": "http://github.com/c9s/GetOptionKit",
            "time": "2014-11-21 03:28:57"
        },
        {
            "name": "corneltek/lazyrecord",
            "version": "1.18.5",
            "source": {
                "type": "git",
                "url": "https://github.com/c9s/LazyRecord.git",
                "reference": "095aa50ce79674954273eb72c56bb4a7883daa4a"
            },
            "dist": {
                "type": "zip",
                "url": "https://api.github.com/repos/c9s/LazyRecord/zipball/095aa50ce79674954273eb72c56bb4a7883daa4a",
                "reference": "095aa50ce79674954273eb72c56bb4a7883daa4a",
                "shasum": ""
            },
            "require": {
                "corneltek/cascading-attribute": "~1.2",
                "corneltek/class-template": "*",
                "corneltek/cliframework": "~2.0",
                "corneltek/configkit": "~1.5",
                "corneltek/dbutil": "~1",
                "corneltek/serializerkit": "~1",
                "corneltek/sqlbuilder": "~1.5",
                "corneltek/universal-cache": "~1",
                "corneltek/validationkit": "~1.1",
                "php": ">=5.3.0",
                "twig/twig": "~1"
            },
            "require-dev": {
                "corneltek/phpunit-testmore": "dev-master",
                "corneltek/universal": "dev-master",
                "facebook/xhprof": "dev-master",
                "simplyadmire/composer-plugins": "@dev"
            },
            "bin": [
                "bin/lazy"
            ],
            "type": "library",
            "autoload": {
                "psr-0": {
                    "LazyRecord": "src"
                }
            },
            "notification-url": "https://packagist.org/downloads/",
            "license": [
                "MIT"
            ],
            "authors": [
                {
                    "name": "Yo-An Lin",
                    "email": "cornelius.howl@gmail.com",
                    "homepage": "http://c9s.me"
                }
            ],
            "description": "The Fast PHP ORM",
            "homepage": "http://github.com/c9s/LazyRecord",
            "time": "2015-01-12 02:09:33"
        },
        {
            "name": "corneltek/pux",
            "version": "1.5.2",
            "source": {
                "type": "git",
                "url": "https://github.com/c9s/Pux.git",
                "reference": "7776cfdd7e4f268fb5aaa781aee406b6d6486f8e"
            },
            "dist": {
                "type": "zip",
                "url": "https://api.github.com/repos/c9s/Pux/zipball/7776cfdd7e4f268fb5aaa781aee406b6d6486f8e",
                "reference": "7776cfdd7e4f268fb5aaa781aee406b6d6486f8e",
                "shasum": ""
            },
            "require-dev": {
                "corneltek/cliframework": "dev-master",
                "corneltek/phpunit-testmore": "dev-master",
                "corneltek/universal": "dev-master"
            },
            "type": "library",
            "autoload": {
                "psr-0": {
                    "Pux": "src"
                }
            },
            "notification-url": "https://packagist.org/downloads/",
            "authors": [
                {
                    "name": "c9s",
                    "email": "cornelius.howl@gmail.com"
                }
            ],
            "description": "Fast PHP router",
            "time": "2014-09-29 15:36:44"
        },
        {
            "name": "corneltek/serializerkit",
            "version": "1.1.0",
            "source": {
                "type": "git",
                "url": "https://github.com/c9s/php-SerializerKit.git",
                "reference": "d6f222c252fcf5f7dde788173ceb4a41a92136dd"
            },
            "dist": {
                "type": "zip",
                "url": "https://api.github.com/repos/c9s/php-SerializerKit/zipball/d6f222c252fcf5f7dde788173ceb4a41a92136dd",
                "reference": "d6f222c252fcf5f7dde788173ceb4a41a92136dd",
                "shasum": ""
            },
            "require": {
                "php": ">=5.3.0",
                "symfony/yaml": "~2"
            },
            "require-dev": {
                "corneltek/phpunit-testmore": "dev-master"
            },
            "type": "library",
            "autoload": {
                "psr-0": {
                    "SerializerKit": "src"
                }
            },
            "notification-url": "https://packagist.org/downloads/",
            "time": "2013-12-01 14:32:14"
        },
        {
            "name": "corneltek/sqlbuilder",
            "version": "1.5.7",
            "source": {
                "type": "git",
                "url": "https://github.com/c9s/php-SQLBuilder.git",
                "reference": "a48f569fe6852daedf646d14e07e6f62eedbdc10"
            },
            "dist": {
                "type": "zip",
                "url": "https://api.github.com/repos/c9s/php-SQLBuilder/zipball/a48f569fe6852daedf646d14e07e6f62eedbdc10",
                "reference": "a48f569fe6852daedf646d14e07e6f62eedbdc10",
                "shasum": ""
            },
            "require-dev": {
                "corneltek/phpunit-testmore": "dev-master"
            },
            "type": "library",
            "autoload": {
                "psr-0": {
                    "SQLBuilder": "src"
                }
            },
            "notification-url": "https://packagist.org/downloads/",
            "authors": [
                {
                    "name": "c9s",
                    "email": "cornelius.howl@gmail.com"
                }
            ],
            "description": "Fast and Powerful SQLBuilder for PHP5.3",
            "time": "2014-10-15 06:31:45"
        },
        {
            "name": "corneltek/universal-cache",
            "version": "1.0.6",
            "source": {
                "type": "git",
                "url": "https://github.com/c9s/php-UniversalCache.git",
                "reference": "22a966a47f82e547f2ccf84270172b338eeb23de"
            },
            "dist": {
                "type": "zip",
                "url": "https://api.github.com/repos/c9s/php-UniversalCache/zipball/22a966a47f82e547f2ccf84270172b338eeb23de",
                "reference": "22a966a47f82e547f2ccf84270172b338eeb23de",
                "shasum": ""
            },
            "require": {
                "corneltek/fileutil": "~1.6",
                "php": ">=5.3.0"
            },
            "require-dev": {
                "corneltek/phpunit-testmore": "dev-master"
            },
            "type": "library",
            "autoload": {
                "psr-0": {
                    "UniversalCache": "src"
                }
            },
            "notification-url": "https://packagist.org/downloads/",
            "license": [
                "MIT"
            ],
            "authors": [
                {
                    "name": "Yo-An Lin",
                    "email": "cornelius.howl@gmail.com",
                    "homepage": "http://c9s.me"
                }
            ],
            "description": "General cache interface",
            "homepage": "http://github.com/c9s/UniversalCache",
            "time": "2013-03-26 07:55:44"
        },
        {
            "name": "corneltek/validationkit",
            "version": "1.1.1",
            "source": {
                "type": "git",
                "url": "https://github.com/c9s/ValidationKit.git",
                "reference": "b3e856b556f92607bf3dfaddf2e901f5b3ce665d"
            },
            "dist": {
                "type": "zip",
                "url": "https://api.github.com/repos/c9s/ValidationKit/zipball/b3e856b556f92607bf3dfaddf2e901f5b3ce665d",
                "reference": "b3e856b556f92607bf3dfaddf2e901f5b3ce665d",
                "shasum": ""
            },
            "require": {
                "php": ">=5.3.0"
            },
            "require-dev": {
                "corneltek/phpunit-testmore": "dev-master"
            },
            "type": "library",
            "autoload": {
                "psr-0": {
                    "ValidationKit": "src"
                }
            },
            "notification-url": "https://packagist.org/downloads/",
            "time": "2013-03-28 13:35:21"
        },
        {
            "name": "ronmi/fruit",
            "version": "0.2.0",
            "source": {
                "type": "git",
                "url": "http://git.ronmi.tw/ronmi/fruit.git",
                "reference": "5694e21e69fff035ad2b5e3b49b1a6a52d3e2438"
            },
            "require": {
                "corneltek/cliframework": "2.2.*",
                "corneltek/lazyrecord": "~1.18.5",
                "corneltek/pux": "~1.3"
            },
            "require-dev": {
                "phpunit/dbunit": ">=1.2",
                "phpunit/phpunit": "4.0.*",
                "predis/predis": "1.1.*@dev",
                "twig/twig": "1.*",
                "zerkalica/phpcs": "dev-master"
            },
            "bin": [
                "bin/fruit"
            ],
            "type": "library",
            "extra": {
                "branch-alias": {
                    "dev-master": "2.0.0-dev"
                }
            },
            "autoload": {
                "psr-4": {
                    "Fruit\\": "src",
                    "FruitTest\\": "test"
                }
            },
            "authors": [
                {
                    "name": "ronmi",
                    "email": "ronmi.ren@gmail.com"
                }
            ],
            "description": "Fast, lightweight and simple PHP framework",
            "time": "2015-02-04 02:09:12"
        },
        {
            "name": "symfony/yaml",
            "version": "v2.6.4",
            "target-dir": "Symfony/Component/Yaml",
            "source": {
                "type": "git",
                "url": "https://github.com/symfony/Yaml.git",
                "reference": "60ed7751671113cf1ee7d7778e691642c2e9acd8"
            },
            "dist": {
                "type": "zip",
                "url": "https://api.github.com/repos/symfony/Yaml/zipball/60ed7751671113cf1ee7d7778e691642c2e9acd8",
                "reference": "60ed7751671113cf1ee7d7778e691642c2e9acd8",
                "shasum": ""
            },
            "require": {
                "php": ">=5.3.3"
            },
            "type": "library",
            "extra": {
                "branch-alias": {
                    "dev-master": "2.6-dev"
                }
            },
            "autoload": {
                "psr-0": {
                    "Symfony\\Component\\Yaml\\": ""
                }
            },
            "notification-url": "https://packagist.org/downloads/",
            "license": [
                "MIT"
            ],
            "authors": [
                {
                    "name": "Symfony Community",
                    "homepage": "http://symfony.com/contributors"
                },
                {
                    "name": "Fabien Potencier",
                    "email": "fabien@symfony.com"
                }
            ],
            "description": "Symfony Yaml Component",
            "homepage": "http://symfony.com",
            "time": "2015-01-25 04:39:26"
        },
        {
            "name": "twig/twig",
            "version": "v1.18.0",
            "source": {
                "type": "git",
                "url": "https://github.com/twigphp/Twig.git",
                "reference": "4cf7464348e7f9893a93f7096a90b73722be99cf"
            },
            "dist": {
                "type": "zip",
                "url": "https://api.github.com/repos/twigphp/Twig/zipball/4cf7464348e7f9893a93f7096a90b73722be99cf",
                "reference": "4cf7464348e7f9893a93f7096a90b73722be99cf",
                "shasum": ""
            },
            "require": {
                "php": ">=5.2.4"
            },
            "type": "library",
            "extra": {
                "branch-alias": {
                    "dev-master": "1.18-dev"
                }
            },
            "autoload": {
                "psr-0": {
                    "Twig_": "lib/"
                }
            },
            "notification-url": "https://packagist.org/downloads/",
            "license": [
                "BSD-3-Clause"
            ],
            "authors": [
                {
                    "name": "Fabien Potencier",
                    "email": "fabien@symfony.com",
                    "homepage": "http://fabien.potencier.org",
                    "role": "Lead Developer"
                },
                {
                    "name": "Armin Ronacher",
                    "email": "armin.ronacher@active-4.com",
                    "role": "Project Founder"
                },
                {
                    "name": "Twig Team",
                    "homepage": "http://twig.sensiolabs.org/contributors",
                    "role": "Contributors"
                }
            ],
            "description": "Twig, the flexible, fast, and secure template language for PHP",
            "homepage": "http://twig.sensiolabs.org",
            "keywords": [
                "templating"
            ],
            "time": "2015-01-25 17:32:08"
        }
    ],
    "packages-dev": [
        {
            "name": "phpunit/dbunit",
            "version": "1.3.1",
            "source": {
                "type": "git",
                "url": "https://github.com/sebastianbergmann/dbunit.git",
                "reference": "a5891b7a9c4f21587a51f9bc4e8f7042b741b480"
            },
            "dist": {
                "type": "zip",
                "url": "https://api.github.com/repos/sebastianbergmann/dbunit/zipball/a5891b7a9c4f21587a51f9bc4e8f7042b741b480",
                "reference": "a5891b7a9c4f21587a51f9bc4e8f7042b741b480",
                "shasum": ""
            },
            "require": {
                "ext-pdo": "*",
                "ext-simplexml": "*",
                "php": ">=5.3.3",
                "phpunit/phpunit": ">=3.7.0@stable",
                "symfony/yaml": ">=2.1.0"
            },
            "bin": [
                "composer/bin/dbunit"
            ],
            "type": "library",
            "extra": {
                "branch-alias": {
                    "dev-master": "1.3.x-dev"
                }
            },
            "autoload": {
                "classmap": [
                    "PHPUnit/"
                ]
            },
            "notification-url": "https://packagist.org/downloads/",
            "include-path": [
                "",
                "../../symfony/yaml/"
            ],
            "license": [
                "BSD-3-Clause"
            ],
            "authors": [
                {
                    "name": "Sebastian Bergmann",
                    "email": "sb@sebastian-bergmann.de",
                    "role": "lead"
                }
            ],
            "description": "DbUnit port for PHP/PHPUnit to support database interaction testing.",
            "homepage": "https://github.com/sebastianbergmann/dbunit/",
            "keywords": [
                "database",
                "testing",
                "xunit"
            ],
            "time": "2014-03-26 11:25:06"
        },
        {
            "name": "phpunit/php-code-coverage",
            "version": "2.0.15",
            "source": {
                "type": "git",
                "url": "https://github.com/sebastianbergmann/php-code-coverage.git",
                "reference": "34cc484af1ca149188d0d9e91412191e398e0b67"
            },
            "dist": {
                "type": "zip",
                "url": "https://api.github.com/repos/sebastianbergmann/php-code-coverage/zipball/34cc484af1ca149188d0d9e91412191e398e0b67",
                "reference": "34cc484af1ca149188d0d9e91412191e398e0b67",
                "shasum": ""
            },
            "require": {
                "php": ">=5.3.3",
                "phpunit/php-file-iterator": "~1.3",
                "phpunit/php-text-template": "~1.2",
                "phpunit/php-token-stream": "~1.3",
                "sebastian/environment": "~1.0",
                "sebastian/version": "~1.0"
            },
            "require-dev": {
                "ext-xdebug": ">=2.1.4",
                "phpunit/phpunit": "~4"
            },
            "suggest": {
                "ext-dom": "*",
                "ext-xdebug": ">=2.2.1",
                "ext-xmlwriter": "*"
            },
            "type": "library",
            "extra": {
                "branch-alias": {
                    "dev-master": "2.0.x-dev"
                }
            },
            "autoload": {
                "classmap": [
                    "src/"
                ]
            },
            "notification-url": "https://packagist.org/downloads/",
            "license": [
                "BSD-3-Clause"
            ],
            "authors": [
                {
                    "name": "Sebastian Bergmann",
                    "email": "sb@sebastian-bergmann.de",
                    "role": "lead"
                }
            ],
            "description": "Library that provides collection, processing, and rendering functionality for PHP code coverage information.",
            "homepage": "https://github.com/sebastianbergmann/php-code-coverage",
            "keywords": [
                "coverage",
                "testing",
                "xunit"
            ],
            "time": "2015-01-24 10:06:35"
        },
        {
            "name": "phpunit/php-file-iterator",
            "version": "1.3.4",
            "source": {
                "type": "git",
                "url": "https://github.com/sebastianbergmann/php-file-iterator.git",
                "reference": "acd690379117b042d1c8af1fafd61bde001bf6bb"
            },
            "dist": {
                "type": "zip",
                "url": "https://api.github.com/repos/sebastianbergmann/php-file-iterator/zipball/acd690379117b042d1c8af1fafd61bde001bf6bb",
                "reference": "acd690379117b042d1c8af1fafd61bde001bf6bb",
                "shasum": ""
            },
            "require": {
                "php": ">=5.3.3"
            },
            "type": "library",
            "autoload": {
                "classmap": [
                    "File/"
                ]
            },
            "notification-url": "https://packagist.org/downloads/",
            "include-path": [
                ""
            ],
            "license": [
                "BSD-3-Clause"
            ],
            "authors": [
                {
                    "name": "Sebastian Bergmann",
                    "email": "sb@sebastian-bergmann.de",
                    "role": "lead"
                }
            ],
            "description": "FilterIterator implementation that filters files based on a list of suffixes.",
            "homepage": "https://github.com/sebastianbergmann/php-file-iterator/",
            "keywords": [
                "filesystem",
                "iterator"
            ],
            "time": "2013-10-10 15:34:57"
        },
        {
            "name": "phpunit/php-text-template",
            "version": "1.2.0",
            "source": {
                "type": "git",
                "url": "https://github.com/sebastianbergmann/php-text-template.git",
                "reference": "206dfefc0ffe9cebf65c413e3d0e809c82fbf00a"
            },
            "dist": {
                "type": "zip",
                "url": "https://api.github.com/repos/sebastianbergmann/php-text-template/zipball/206dfefc0ffe9cebf65c413e3d0e809c82fbf00a",
                "reference": "206dfefc0ffe9cebf65c413e3d0e809c82fbf00a",
                "shasum": ""
            },
            "require": {
                "php": ">=5.3.3"
            },
            "type": "library",
            "autoload": {
                "classmap": [
                    "Text/"
                ]
            },
            "notification-url": "https://packagist.org/downloads/",
            "include-path": [
                ""
            ],
            "license": [
                "BSD-3-Clause"
            ],
            "authors": [
                {
                    "name": "Sebastian Bergmann",
                    "email": "sb@sebastian-bergmann.de",
                    "role": "lead"
                }
            ],
            "description": "Simple template engine.",
            "homepage": "https://github.com/sebastianbergmann/php-text-template/",
            "keywords": [
                "template"
            ],
            "time": "2014-01-30 17:20:04"
        },
        {
            "name": "phpunit/php-timer",
            "version": "1.0.5",
            "source": {
                "type": "git",
                "url": "https://github.com/sebastianbergmann/php-timer.git",
                "reference": "19689d4354b295ee3d8c54b4f42c3efb69cbc17c"
            },
            "dist": {
                "type": "zip",
                "url": "https://api.github.com/repos/sebastianbergmann/php-timer/zipball/19689d4354b295ee3d8c54b4f42c3efb69cbc17c",
                "reference": "19689d4354b295ee3d8c54b4f42c3efb69cbc17c",
                "shasum": ""
            },
            "require": {
                "php": ">=5.3.3"
            },
            "type": "library",
            "autoload": {
                "classmap": [
                    "PHP/"
                ]
            },
            "notification-url": "https://packagist.org/downloads/",
            "include-path": [
                ""
            ],
            "license": [
                "BSD-3-Clause"
            ],
            "authors": [
                {
                    "name": "Sebastian Bergmann",
                    "email": "sb@sebastian-bergmann.de",
                    "role": "lead"
                }
            ],
            "description": "Utility class for timing",
            "homepage": "https://github.com/sebastianbergmann/php-timer/",
            "keywords": [
                "timer"
            ],
            "time": "2013-08-02 07:42:54"
        },
        {
            "name": "phpunit/php-token-stream",
            "version": "1.4.0",
            "source": {
                "type": "git",
                "url": "https://github.com/sebastianbergmann/php-token-stream.git",
                "reference": "db32c18eba00b121c145575fcbcd4d4d24e6db74"
            },
            "dist": {
                "type": "zip",
                "url": "https://api.github.com/repos/sebastianbergmann/php-token-stream/zipball/db32c18eba00b121c145575fcbcd4d4d24e6db74",
                "reference": "db32c18eba00b121c145575fcbcd4d4d24e6db74",
                "shasum": ""
            },
            "require": {
                "ext-tokenizer": "*",
                "php": ">=5.3.3"
            },
            "require-dev": {
                "phpunit/phpunit": "~4.2"
            },
            "type": "library",
            "extra": {
                "branch-alias": {
                    "dev-master": "1.4-dev"
                }
            },
            "autoload": {
                "classmap": [
                    "src/"
                ]
            },
            "notification-url": "https://packagist.org/downloads/",
            "license": [
                "BSD-3-Clause"
            ],
            "authors": [
                {
                    "name": "Sebastian Bergmann",
                    "email": "sebastian@phpunit.de"
                }
            ],
            "description": "Wrapper around PHP's tokenizer extension.",
            "homepage": "https://github.com/sebastianbergmann/php-token-stream/",
            "keywords": [
                "tokenizer"
            ],
            "time": "2015-01-17 09:51:32"
        },
        {
            "name": "phpunit/phpunit",
            "version": "4.0.20",
            "source": {
                "type": "git",
                "url": "https://github.com/sebastianbergmann/phpunit.git",
                "reference": "de121ce8708b7ac7f628603d7682d0d57f528345"
            },
            "dist": {
                "type": "zip",
                "url": "https://api.github.com/repos/sebastianbergmann/phpunit/zipball/de121ce8708b7ac7f628603d7682d0d57f528345",
                "reference": "de121ce8708b7ac7f628603d7682d0d57f528345",
                "shasum": ""
            },
            "require": {
                "ext-dom": "*",
                "ext-json": "*",
                "ext-pcre": "*",
                "ext-reflection": "*",
                "ext-spl": "*",
                "php": ">=5.3.3",
                "phpunit/php-code-coverage": ">=2.0.0,<2.1.0",
                "phpunit/php-file-iterator": "~1.3.1",
                "phpunit/php-text-template": "~1.2",
                "phpunit/php-timer": "~1.0.2",
                "phpunit/phpunit-mock-objects": ">=2.0.0,<2.1.0",
                "sebastian/diff": "~1.1",
                "sebastian/environment": "~1.0",
                "sebastian/exporter": "~1.0.1",
                "sebastian/version": "~1.0.3",
                "symfony/yaml": "~2.0"
            },
            "suggest": {
                "phpunit/php-invoker": "~1.1"
            },
            "bin": [
                "phpunit"
            ],
            "type": "library",
            "extra": {
                "branch-alias": {
                    "dev-master": "4.0.x-dev"
                }
            },
            "autoload": {
                "classmap": [
                    "src/"
                ]
            },
            "notification-url": "https://packagist.org/downloads/",
            "include-path": [
                "",
                "../../symfony/yaml/"
            ],
            "license": [
                "BSD-3-Clause"
            ],
            "authors": [
                {
                    "name": "Sebastian Bergmann",
                    "email": "sebastian@phpunit.de",
                    "role": "lead"
                }
            ],
            "description": "The PHP Unit Testing framework.",
            "homepage": "http://www.phpunit.de/",
            "keywords": [
                "phpunit",
                "testing",
                "xunit"
            ],
            "time": "2014-05-02 07:19:37"
        },
        {
            "name": "phpunit/phpunit-mock-objects",
            "version": "2.0.10",
            "source": {
                "type": "git",
                "url": "https://github.com/sebastianbergmann/phpunit-mock-objects.git",
                "reference": "e60bb929c50ae4237aaf680a4f6773f4ee17f0a2"
            },
            "dist": {
                "type": "zip",
                "url": "https://api.github.com/repos/sebastianbergmann/phpunit-mock-objects/zipball/e60bb929c50ae4237aaf680a4f6773f4ee17f0a2",
                "reference": "e60bb929c50ae4237aaf680a4f6773f4ee17f0a2",
                "shasum": ""
            },
            "require": {
                "php": ">=5.3.3",
                "phpunit/php-text-template": "~1.2"
            },
            "require-dev": {
                "phpunit/phpunit": ">=4.0.0,<4.1.0"
            },
            "suggest": {
                "ext-soap": "*"
            },
            "type": "library",
            "extra": {
                "branch-alias": {
                    "dev-master": "2.0.x-dev"
                }
            },
            "autoload": {
                "classmap": [
                    "src/"
                ]
            },
            "notification-url": "https://packagist.org/downloads/",
            "include-path": [
                ""
            ],
            "license": [
                "BSD-3-Clause"
            ],
            "authors": [
                {
                    "name": "Sebastian Bergmann",
                    "email": "sb@sebastian-bergmann.de",
                    "role": "lead"
                }
            ],
            "description": "Mock Object library for PHPUnit",
            "homepage": "https://github.com/sebastianbergmann/phpunit-mock-objects/",
            "keywords": [
                "mock",
                "xunit"
            ],
            "time": "2014-06-12 07:19:48"
        },
        {
            "name": "sebastian/diff",
            "version": "1.2.0",
            "source": {
                "type": "git",
                "url": "https://github.com/sebastianbergmann/diff.git",
                "reference": "5843509fed39dee4b356a306401e9dd1a931fec7"
            },
            "dist": {
                "type": "zip",
                "url": "https://api.github.com/repos/sebastianbergmann/diff/zipball/5843509fed39dee4b356a306401e9dd1a931fec7",
                "reference": "5843509fed39dee4b356a306401e9dd1a931fec7",
                "shasum": ""
            },
            "require": {
                "php": ">=5.3.3"
            },
            "require-dev": {
                "phpunit/phpunit": "~4.2"
            },
            "type": "library",
            "extra": {
                "branch-alias": {
                    "dev-master": "1.2-dev"
                }
            },
            "autoload": {
                "classmap": [
                    "src/"
                ]
            },
            "notification-url": "https://packagist.org/downloads/",
            "license": [
                "BSD-3-Clause"
            ],
            "authors": [
                {
                    "name": "Kore Nordmann",
                    "email": "mail@kore-nordmann.de"
                },
                {
                    "name": "Sebastian Bergmann",
                    "email": "sebastian@phpunit.de"
                }
            ],
            "description": "Diff implementation",
            "homepage": "http://www.github.com/sebastianbergmann/diff",
            "keywords": [
                "diff"
            ],
            "time": "2014-08-15 10:29:00"
        },
        {
            "name": "sebastian/environment",
            "version": "1.2.1",
            "source": {
                "type": "git",
                "url": "https://github.com/sebastianbergmann/environment.git",
                "reference": "6e6c71d918088c251b181ba8b3088af4ac336dd7"
            },
            "dist": {
                "type": "zip",
                "url": "https://api.github.com/repos/sebastianbergmann/environment/zipball/6e6c71d918088c251b181ba8b3088af4ac336dd7",
                "reference": "6e6c71d918088c251b181ba8b3088af4ac336dd7",
                "shasum": ""
            },
            "require": {
                "php": ">=5.3.3"
            },
            "require-dev": {
                "phpunit/phpunit": "~4.3"
            },
            "type": "library",
            "extra": {
                "branch-alias": {
                    "dev-master": "1.2.x-dev"
                }
            },
            "autoload": {
                "classmap": [
                    "src/"
                ]
            },
            "notification-url": "https://packagist.org/downloads/",
            "license": [
                "BSD-3-Clause"
            ],
            "authors": [
                {
                    "name": "Sebastian Bergmann",
                    "email": "sebastian@phpunit.de"
                }
            ],
            "description": "Provides functionality to handle HHVM/PHP environments",
            "homepage": "http://www.github.com/sebastianbergmann/environment",
            "keywords": [
                "Xdebug",
                "environment",
                "hhvm"
            ],
            "time": "2014-10-25 08:00:45"
        },
        {
            "name": "sebastian/exporter",
            "version": "1.0.2",
            "source": {
                "type": "git",
                "url": "https://github.com/sebastianbergmann/exporter.git",
                "reference": "c7d59948d6e82818e1bdff7cadb6c34710eb7dc0"
            },
            "dist": {
                "type": "zip",
                "url": "https://api.github.com/repos/sebastianbergmann/exporter/zipball/c7d59948d6e82818e1bdff7cadb6c34710eb7dc0",
                "reference": "c7d59948d6e82818e1bdff7cadb6c34710eb7dc0",
                "shasum": ""
            },
            "require": {
                "php": ">=5.3.3"
            },
            "require-dev": {
                "phpunit/phpunit": "~4.0"
            },
            "type": "library",
            "extra": {
                "branch-alias": {
                    "dev-master": "1.0.x-dev"
                }
            },
            "autoload": {
                "classmap": [
                    "src/"
                ]
            },
            "notification-url": "https://packagist.org/downloads/",
            "license": [
                "BSD-3-Clause"
            ],
            "authors": [
                {
                    "name": "Jeff Welch",
                    "email": "whatthejeff@gmail.com"
                },
                {
                    "name": "Volker Dusch",
                    "email": "github@wallbash.com"
                },
                {
                    "name": "Bernhard Schussek",
                    "email": "bschussek@2bepublished.at"
                },
                {
                    "name": "Sebastian Bergmann",
                    "email": "sebastian@phpunit.de"
                },
                {
                    "name": "Adam Harvey",
                    "email": "aharvey@php.net"
                }
            ],
            "description": "Provides the functionality to export PHP variables for visualization",
            "homepage": "http://www.github.com/sebastianbergmann/exporter",
            "keywords": [
                "export",
                "exporter"
            ],
            "time": "2014-09-10 00:51:36"
        },
        {
            "name": "sebastian/version",
            "version": "1.0.4",
            "source": {
                "type": "git",
                "url": "https://github.com/sebastianbergmann/version.git",
                "reference": "a77d9123f8e809db3fbdea15038c27a95da4058b"
            },
            "dist": {
                "type": "zip",
                "url": "https://api.github.com/repos/sebastianbergmann/version/zipball/a77d9123f8e809db3fbdea15038c27a95da4058b",
                "reference": "a77d9123f8e809db3fbdea15038c27a95da4058b",
                "shasum": ""
            },
            "type": "library",
            "autoload": {
                "classmap": [
                    "src/"
                ]
            },
            "notification-url": "https://packagist.org/downloads/",
            "license": [
                "BSD-3-Clause"
            ],
            "authors": [
                {
                    "name": "Sebastian Bergmann",
                    "email": "sebastian@phpunit.de",
                    "role": "lead"
                }
            ],
            "description": "Library that helps with managing the version number of Git-hosted PHP projects",
            "homepage": "https://github.com/sebastianbergmann/version",
            "time": "2014-12-15 14:25:24"
        },
        {
            "name": "zerkalica/phpcs",
            "version": "dev-master",
            "source": {
                "type": "git",
                "url": "https://github.com/zerkalica/PHP_CodeSniffer.git",
                "reference": "e2d4488665c722b81e04141c5615ced3277509d9"
            },
            "dist": {
                "type": "zip",
                "url": "https://api.github.com/repos/zerkalica/PHP_CodeSniffer/zipball/e2d4488665c722b81e04141c5615ced3277509d9",
                "reference": "e2d4488665c722b81e04141c5615ced3277509d9",
                "shasum": ""
            },
            "require": {
                "php": ">=5.3.0"
            },
            "bin": [
                "scripts/phpcs"
            ],
            "type": "library",
            "notification-url": "https://packagist.org/downloads/",
            "description": "Unofficial version of PHP_CodeSniffer to be handled with Composer",
            "time": "2012-11-06 21:19:44"
        }
    ],
    "aliases": [],
    "minimum-stability": "stable",
    "stability-flags": {
        "zerkalica/phpcs": 20
    },
    "prefer-stable": false,
    "prefer-lowest": false,
    "platform": [],
    "platform-dev": []
}
